dependencies:
  espressif/esp-modbus:
    component_hash: 9f98113056696b697979d0a1be92d334fd00de1e687afa96433045759180e13e
    source:
      service_url: https://api.components.espressif.com/
      type: service
    version: 1.0.4
  espressif/mdns:
    component_hash: 687a90e822266c6e8fdc83424e8e063e196c131f74828ef4d37d064f09ddada7
    source:
      service_url: https://api.components.espressif.com/
      type: service
    version: 1.0.5
  idf:
    component_hash: null
    source:
      type: idf
    version: 5.0.0
manifest_hash: 4327771d9b3ea95804579d522ae725ce9f46006732aaae79310e35888f5a7cd1
target: esp32
version: 1.0.0
